
Microsoft Visual Studio Solution File, Format Version 12.00
# Visual Studio Version 17
VisualStudioVersion = 17.13.35806.99 d17.13
MinimumVisualStudioVersion = 10.0.40219.1
Project("{FAE04EC0-301F-11D3-BF4B-00C04F79EFBC}") = "Conexion_MySQL_PRACTICA1", "Conexion_MySQL_PRACTICA1\Conexion_MySQL_PRACTICA1.csproj", "{A56907BF-715C-4D01-BC90-E322B6ABB75E}"
EndProject
Global
	GlobalSection(SolutionConfigurationPlatforms) = preSolution
		Debug|Any CPU = Debug|Any CPU
		Release|Any CPU = Release|Any CPU
	EndGlobalSection
	GlobalSection(ProjectConfigurationPlatforms) = postSolution
		{A56907BF-715C-4D01-BC90-E322B6ABB75E}.Debug|Any CPU.ActiveCfg = Debug|Any CPU
		{A56907BF-715C-4D01-BC90-E322B6ABB75E}.Debug|Any CPU.Build.0 = Debug|Any CPU
		{A56907BF-715C-4D01-BC90-E322B6ABB75E}.Release|Any CPU.ActiveCfg = Release|Any CPU
		{A56907BF-715C-4D01-BC90-E322B6ABB75E}.Release|Any CPU.Build.0 = Release|Any CPU
	EndGlobalSection
	GlobalSection(SolutionProperties) = preSolution
		HideSolutionNode = FALSE
	EndGlobalSection
	GlobalSection(ExtensibilityGlobals) = postSolution
		SolutionGuid = {64918F44-5F16-40D6-9FB7-1A4019D9B3B9}
	EndGlobalSection
EndGlobal
